<?xml version="1.0" encoding="utf-8"?>
<Project ToolsVersion="4.0" xmlns="http://schemas.microsoft.com/developer/msbuild/2003">
  <ItemGroup>
    <Filter Include="Source Files">
      <UniqueIdentifier>{4FC737F1-C7A5-4376-A066-2A32D752A2FF}</UniqueIdentifier>
      <Extensions>cpp;c;cc;cxx;def;odl;idl;hpj;bat;asm;asmx</Extensions>
    </Filter>
    <Filter Include="Header Files">
      <UniqueIdentifier>{93995380-89BD-4b04-88EB-625FBE52EBFB}</UniqueIdentifier>
      <Extensions>h;hpp;hxx;hm;inl;inc;xsd</Extensions>
    </Filter>
    <Filter Include="Resource Files">
      <UniqueIdentifier>{67DA6AB6-F800-4c08-8B7A-83BB121AAD01}</UniqueIdentifier>
      <Extensions>rc;ico;cur;bmp;dlg;rc2;rct;bin;rgs;gif;jpg;jpeg;jpe;resx;tiff;tif;png;wav;mfcribbon-ms</Extensions>
    </Filter>
    <Filter Include="guide">
      <UniqueIdentifier>{a729f484-b3de-468d-9eb8-a377e9640f0e}</UniqueIdentifier>
    </Filter>
    <Filter Include="about">
      <UniqueIdentifier>{5a14b531-8a68-437a-bb95-3339de83cff4}</UniqueIdentifier>
    </Filter>
    <Filter Include="v2">
      <UniqueIdentifier>{9b81c694-ce44-42eb-b4db-df5e09ea7254}</UniqueIdentifier>
    </Filter>
    <Filter Include="js">
      <UniqueIdentifier>{6febb308-d79e-46b3-a8ea-920a676d2227}</UniqueIdentifier>
    </Filter>
    <Filter Include="inc">
      <UniqueIdentifier>{c04897e8-ec62-443a-8f58-0ebcf92294bb}</UniqueIdentifier>
    </Filter>
    <Filter Include="v1">
      <UniqueIdentifier>{d50dde4d-7b66-4781-acf9-5ba69b43ba86}</UniqueIdentifier>
    </Filter>
  </ItemGroup>
  <ItemGroup>
    <None Include="..\..\..\..\..\ncvaw\about\aboutus.html">
      <Filter>Source Files</Filter>
    </None>
    <None Include="..\..\..\..\..\ncvaw\guide\canidate.php">
      <Filter>Source Files</Filter>
    </None>
    <None Include="..\..\..\..\..\ncvaw\about\contact.html">
      <Filter>Source Files</Filter>
    </None>
    <None Include="..\..\..\..\..\ncvaw\about\donate.html">
      <Filter>Source Files</Filter>
    </None>
    <None Include="..\..\..\..\..\ncvaw\facebook.html">
      <Filter>Source Files</Filter>
    </None>
    <None Include="..\..\..\..\..\ncvaw\inc\fb_script.p">
      <Filter>Source Files</Filter>
    </None>
    <None Include="..\..\..\..\..\ncvaw\inc\fblike.p">
      <Filter>Source Files</Filter>
    </None>
    <None Include="..\..\..\..\..\ncvaw\guide\find.html">
      <Filter>Source Files</Filter>
    </None>
    <None Include="..\..\..\..\..\ncvaw\about\getinvolved.html">
      <Filter>Source Files</Filter>
    </None>
    <None Include="..\..\..\..\..\ncvaw\home.html">
      <Filter>Source Files</Filter>
    </None>
    <None Include="..\..\..\..\..\ncvaw\guide\leglist.html">
      <Filter>Source Files</Filter>
    </None>
    <None Include="..\..\..\..\..\ncvaw\linux.htaccess">
      <Filter>Source Files</Filter>
    </None>
    <None Include="..\..\..\..\..\ncvaw\about\lobbying101.html">
      <Filter>Source Files</Filter>
    </None>
    <None Include="..\..\..\..\..\ncvaw\inc\Mobile_Detect.php">
      <Filter>Source Files</Filter>
    </None>
    <None Include="..\..\..\..\..\ncvaw\inc\ncvaw.css">
      <Filter>Source Files</Filter>
    </None>
    <None Include="..\..\..\..\..\ncvaw\inc\ncvaw.js">
      <Filter>Source Files</Filter>
    </None>
    <None Include="..\..\..\..\..\ncvaw\news.html">
      <Filter>Source Files</Filter>
    </None>
    <None Include="..\..\..\..\..\ncvaw\phpinfo.php">
      <Filter>Source Files</Filter>
    </None>
    <None Include="..\..\..\..\..\ncvaw\guide\survey.html">
      <Filter>Source Files</Filter>
    </None>
    <None Include="..\..\..\..\..\ncvaw\about\who.html">
      <Filter>Source Files</Filter>
    </None>
    <None Include="..\..\..\..\..\ncvaw\inc\zs_menu.css">
      <Filter>Source Files</Filter>
    </None>
    <None Include="..\..\..\..\..\ncvaw\inc\zs_menu.php">
      <Filter>Source Files</Filter>
    </None>
    <None Include="..\..\..\..\..\ncvaw\inc\jquery.js">
      <Filter>js</Filter>
    </None>
    <None Include="..\..\..\..\..\ncvaw\inc\maps_lib2.js">
      <Filter>js</Filter>
    </None>
    <None Include="..\..\..\..\..\ncvaw\inc\unused.js">
      <Filter>js</Filter>
    </None>
    <None Include="..\..\..\..\..\ncvaw\inc\zs_menu.js">
      <Filter>js</Filter>
    </None>
    <None Include="..\..\..\..\..\ncvaw\inc\foot.php">
      <Filter>inc</Filter>
    </None>
    <None Include="..\..\..\..\..\ncvaw\global.php">
      <Filter>inc</Filter>
    </None>
    <None Include="..\..\..\..\..\ncvaw\inc\head.php">
      <Filter>inc</Filter>
    </None>
    <None Include="..\..\..\..\..\ncvaw\inc\headscripts.p">
      <Filter>inc</Filter>
    </None>
    <None Include="..\..\..\..\..\ncvaw\site_head.php">
      <Filter>inc</Filter>
    </None>
    <None Include="..\..\..\..\..\ncvaw\district.php">
      <Filter>v1</Filter>
    </None>
    <None Include="..\..\..\..\..\ncvaw\districts.php">
      <Filter>v1</Filter>
    </None>
    <None Include="..\..\..\..\..\ncvaw\inc\db.php">
      <Filter>v1</Filter>
    </None>
    <None Include="..\..\..\..\..\ncvaw\bills.php">
      <Filter>v1</Filter>
    </None>
    <None Include="..\..\..\..\..\ncvaw\guide\billpage.php">
      <Filter>v1</Filter>
    </None>
    <None Include="..\..\..\..\..\ncvaw\guide\legpage.php">
      <Filter>v1</Filter>
    </None>
    <None Include="..\..\..\..\..\ncvaw\guide\getleg.php">
      <Filter>v1</Filter>
    </None>
    <None Include="..\..\v2\table.html">
      <Filter>v2</Filter>
    </None>
    <None Include="..\..\v2\test.html">
      <Filter>v2</Filter>
    </None>
    <None Include="..\..\v2\bio.php">
      <Filter>v2</Filter>
    </None>
    <None Include="..\..\obj\tables.php">
      <Filter>v2</Filter>
    </None>
    <None Include="..\..\obj\test.html">
      <Filter>v2</Filter>
    </None>
    <None Include="..\..\obj\person.php">
      <Filter>v2</Filter>
    </None>
  </ItemGroup>
  <ItemGroup>
    <Image Include="..\..\..\..\..\ncvaw\favicon.ico">
      <Filter>Resource Files</Filter>
    </Image>
  </ItemGroup>
</Project>